
Microsoft Visual Studio Solution File, Format Version 12.00
# Visual Studio Version 16
VisualStudioVersion = 16.6.30114.105
MinimumVisualStudioVersion = 10.0.40219.1
Project("{2150E333-8FDC-42A3-9474-1A3956D46DE8}") = "src", "src", "{9612B761-9E87-41C7-8F29-9A5777BA8505}"
EndProject
Project("{FAE04EC0-301F-11D3-BF4B-00C04F79EFBC}") = "mapper", "src\mapper\mapper.csproj", "{18AFB16B-6E37-4A73-BD89-0EFD0A46981C}"
EndProject
Project("{2150E333-8FDC-42A3-9474-1A3956D46DE8}") = "test", "test", "{07979945-E8DA-438F-94F6-CA6EFF01C433}"
EndProject
Project("{FAE04EC0-301F-11D3-BF4B-00C04F79EFBC}") = "mapper-test", "test\mapper-test\mapper-test.csproj", "{BF0F4453-9583-4E46-8E7D-D4E1FEE334A3}"
EndProject
Global
	GlobalSection(SolutionConfigurationPlatforms) = preSolution
		Debug|Any CPU = Debug|Any CPU
		Debug|x64 = Debug|x64
		Debug|x86 = Debug|x86
		Release|Any CPU = Release|Any CPU
		Release|x64 = Release|x64
		Release|x86 = Release|x86
	EndGlobalSection
	GlobalSection(SolutionProperties) = preSolution
		HideSolutionNode = FALSE
	EndGlobalSection
	GlobalSection(ProjectConfigurationPlatforms) = postSolution
		{18AFB16B-6E37-4A73-BD89-0EFD0A46981C}.Debug|Any CPU.ActiveCfg = Debug|Any CPU
		{18AFB16B-6E37-4A73-BD89-0EFD0A46981C}.Debug|Any CPU.Build.0 = Debug|Any CPU
		{18AFB16B-6E37-4A73-BD89-0EFD0A46981C}.Debug|x64.ActiveCfg = Debug|Any CPU
		{18AFB16B-6E37-4A73-BD89-0EFD0A46981C}.Debug|x64.Build.0 = Debug|Any CPU
		{18AFB16B-6E37-4A73-BD89-0EFD0A46981C}.Debug|x86.ActiveCfg = Debug|Any CPU
		{18AFB16B-6E37-4A73-BD89-0EFD0A46981C}.Debug|x86.Build.0 = Debug|Any CPU
		{18AFB16B-6E37-4A73-BD89-0EFD0A46981C}.Release|Any CPU.ActiveCfg = Release|Any CPU
		{18AFB16B-6E37-4A73-BD89-0EFD0A46981C}.Release|Any CPU.Build.0 = Release|Any CPU
		{18AFB16B-6E37-4A73-BD89-0EFD0A46981C}.Release|x64.ActiveCfg = Release|Any CPU
		{18AFB16B-6E37-4A73-BD89-0EFD0A46981C}.Release|x64.Build.0 = Release|Any CPU
		{18AFB16B-6E37-4A73-BD89-0EFD0A46981C}.Release|x86.ActiveCfg = Release|Any CPU
		{18AFB16B-6E37-4A73-BD89-0EFD0A46981C}.Release|x86.Build.0 = Release|Any CPU
		{BF0F4453-9583-4E46-8E7D-D4E1FEE334A3}.Debug|Any CPU.ActiveCfg = Debug|Any CPU
		{BF0F4453-9583-4E46-8E7D-D4E1FEE334A3}.Debug|Any CPU.Build.0 = Debug|Any CPU
		{BF0F4453-9583-4E46-8E7D-D4E1FEE334A3}.Debug|x64.ActiveCfg = Debug|Any CPU
		{BF0F4453-9583-4E46-8E7D-D4E1FEE334A3}.Debug|x64.Build.0 = Debug|Any CPU
		{BF0F4453-9583-4E46-8E7D-D4E1FEE334A3}.Debug|x86.ActiveCfg = Debug|Any CPU
		{BF0F4453-9583-4E46-8E7D-D4E1FEE334A3}.Debug|x86.Build.0 = Debug|Any CPU
		{BF0F4453-9583-4E46-8E7D-D4E1FEE334A3}.Release|Any CPU.ActiveCfg = Release|Any CPU
		{BF0F4453-9583-4E46-8E7D-D4E1FEE334A3}.Release|Any CPU.Build.0 = Release|Any CPU
		{BF0F4453-9583-4E46-8E7D-D4E1FEE334A3}.Release|x64.ActiveCfg = Release|Any CPU
		{BF0F4453-9583-4E46-8E7D-D4E1FEE334A3}.Release|x64.Build.0 = Release|Any CPU
		{BF0F4453-9583-4E46-8E7D-D4E1FEE334A3}.Release|x86.ActiveCfg = Release|Any CPU
		{BF0F4453-9583-4E46-8E7D-D4E1FEE334A3}.Release|x86.Build.0 = Release|Any CPU
	EndGlobalSection
	GlobalSection(NestedProjects) = preSolution
		{18AFB16B-6E37-4A73-BD89-0EFD0A46981C} = {9612B761-9E87-41C7-8F29-9A5777BA8505}
		{BF0F4453-9583-4E46-8E7D-D4E1FEE334A3} = {07979945-E8DA-438F-94F6-CA6EFF01C433}
	EndGlobalSection
EndGlobal
